// !$*UTF8*$!
{
	archiveVersion = 1;
	classes = {
	};
	objectVersion = 51;
	objects = {

/* Begin PBXBuildFile section */
		8433D16924570A77003C59E5 /* Address.swift in Sources */ = {isa = PBXBuildFile; fileRef = 8433D16824570A77003C59E5 /* Address.swift */; };
		8436DBC9245174EE00956EDA /* Pods_GWShopReal.framework in Frameworks */ = {isa = PBXBuildFile; fileRef = 22955FD222D677EA13792783 /* Pods_GWShopReal.framework */; };
		8436DBCA245174EE00956EDA /* Pods_GWShopReal.framework in Embed Frameworks */ = {isa = PBXBuildFile; fileRef = 22955FD222D677EA13792783 /* Pods_GWShopReal.framework */; settings = {ATTRIBUTES = (CodeSignOnCopy, RemoveHeadersOnCopy, ); }; };
		843723EC245D5E9C00C35A3A /* Cart.swift in Sources */ = {isa = PBXBuildFile; fileRef = 843723EB245D5E9C00C35A3A /* Cart.swift */; };
		843B267E245B527F00248175 /* Promotion.swift in Sources */ = {isa = PBXBuildFile; fileRef = 843B267D245B527F00248175 /* Promotion.swift */; };
		843D384A245C9494000A96D2 /* AddPromotionInProductController.swift in Sources */ = {isa = PBXBuildFile; fileRef = 843D3849245C9494000A96D2 /* AddPromotionInProductController.swift */; };
		843D384C245CB4AA000A96D2 /* CartViewController.swift in Sources */ = {isa = PBXBuildFile; fileRef = 843D384B245CB4AA000A96D2 /* CartViewController.swift */; };
		844811DA245AA09900466CDF /* Product.swift in Sources */ = {isa = PBXBuildFile; fileRef = 844811D9245AA09900466CDF /* Product.swift */; };
		844AB1A6246088C700738CC2 /* SendProductViewController.swift in Sources */ = {isa = PBXBuildFile; fileRef = 844AB1A5246088C700738CC2 /* SendProductViewController.swift */; };
		844AB1A824608DBE00738CC2 /* OrderedProduct.swift in Sources */ = {isa = PBXBuildFile; fileRef = 844AB1A724608DBE00738CC2 /* OrderedProduct.swift */; };
		8451856F245C677A00152229 /* AddPromotionInProductController.swift in Sources */ = {isa = PBXBuildFile; fileRef = 8451856E245C677A00152229 /* AddPromotionInProductController.swift */; };
		8490DB2B24585E1600A2BD88 /* Card.swift in Sources */ = {isa = PBXBuildFile; fileRef = 8490DB2A24585E1600A2BD88 /* Card.swift */; };
		8490DB2D24588BC500A2BD88 /* Store.swift in Sources */ = {isa = PBXBuildFile; fileRef = 8490DB2C24588BC500A2BD88 /* Store.swift */; };
		8490DB2F24588D7000A2BD88 /* BankAccount.swift in Sources */ = {isa = PBXBuildFile; fileRef = 8490DB2E24588D7000A2BD88 /* BankAccount.swift */; };
		A3057A7E245B271700AE9991 /* addProductInAddPromotionCell.swift in Sources */ = {isa = PBXBuildFile; fileRef = A3057A7D245B271700AE9991 /* addProductInAddPromotionCell.swift */; };
		A3057A80245B278100AE9991 /* AddProductInPromotionController.swift in Sources */ = {isa = PBXBuildFile; fileRef = A3057A7F245B278100AE9991 /* AddProductInPromotionController.swift */; };
		A3057A90245B48CF00AE9991 /* searchCell.swift in Sources */ = {isa = PBXBuildFile; fileRef = A3057A8F245B48CF00AE9991 /* searchCell.swift */; };
		A30CD899245316A00061FE27 /* SukhumvitSet-Thin.ttf in Resources */ = {isa = PBXBuildFile; fileRef = A30CD8932453169F0061FE27 /* SukhumvitSet-Thin.ttf */; };
		A30CD89A245316A00061FE27 /* SukhumvitSet-Light.ttf in Resources */ = {isa = PBXBuildFile; fileRef = A30CD8942453169F0061FE27 /* SukhumvitSet-Light.ttf */; };
		A30CD89B245316A00061FE27 /* SukhumvitSet-Bold.ttf in Resources */ = {isa = PBXBuildFile; fileRef = A30CD8952453169F0061FE27 /* SukhumvitSet-Bold.ttf */; };
		A30CD89C245316A00061FE27 /* SukhumvitSet-Medium.ttf in Resources */ = {isa = PBXBuildFile; fileRef = A30CD8962453169F0061FE27 /* SukhumvitSet-Medium.ttf */; };
		A30CD89D245316A00061FE27 /* SukhumvitSet-Text.ttf in Resources */ = {isa = PBXBuildFile; fileRef = A30CD897245316A00061FE27 /* SukhumvitSet-Text.ttf */; };
		A30CD89E245316A00061FE27 /* SukhumvitSet-SemiBold.ttf in Resources */ = {isa = PBXBuildFile; fileRef = A30CD898245316A00061FE27 /* SukhumvitSet-SemiBold.ttf */; };
		A3119579245AE29C006F6784 /* PromotionController.swift in Sources */ = {isa = PBXBuildFile; fileRef = A3119578245AE29C006F6784 /* PromotionController.swift */; };
		A331CBA1245C579400AADDC1 /* CategoryViewController.swift in Sources */ = {isa = PBXBuildFile; fileRef = A331CBA0245C579400AADDC1 /* CategoryViewController.swift */; };
		A331CBA3245C6ED300AADDC1 /* categoryCell.swift in Sources */ = {isa = PBXBuildFile; fileRef = A331CBA2245C6ED300AADDC1 /* categoryCell.swift */; };
		A3325D7B245DE40000F04998 /* SelectedAddressCell.swift in Sources */ = {isa = PBXBuildFile; fileRef = A3325D7A245DE40000F04998 /* SelectedAddressCell.swift */; };
		A3325D7D245DE41300F04998 /* SelectedAddressViewController.swift in Sources */ = {isa = PBXBuildFile; fileRef = A3325D7C245DE41300F04998 /* SelectedAddressViewController.swift */; };
		A33A277F2450995000810BC5 /* AppDelegate.swift in Sources */ = {isa = PBXBuildFile; fileRef = A33A277E2450995000810BC5 /* AppDelegate.swift */; };
		A33A27812450995000810BC5 /* SceneDelegate.swift in Sources */ = {isa = PBXBuildFile; fileRef = A33A27802450995000810BC5 /* SceneDelegate.swift */; };
		A33A27832450995000810BC5 /* ViewController.swift in Sources */ = {isa = PBXBuildFile; fileRef = A33A27822450995000810BC5 /* ViewController.swift */; };
		A33A27862450995000810BC5 /* Main.storyboard in Resources */ = {isa = PBXBuildFile; fileRef = A33A27842450995000810BC5 /* Main.storyboard */; };
		A33A27882450995200810BC5 /* Assets.xcassets in Resources */ = {isa = PBXBuildFile; fileRef = A33A27872450995200810BC5 /* Assets.xcassets */; };
		A33A278B2450995200810BC5 /* LaunchScreen.storyboard in Resources */ = {isa = PBXBuildFile; fileRef = A33A27892450995200810BC5 /* LaunchScreen.storyboard */; };
		A33A279824509F9200810BC5 /* LoginController.swift in Sources */ = {isa = PBXBuildFile; fileRef = A33A279724509F9200810BC5 /* LoginController.swift */; };
		A33A279A24509FA100810BC5 /* RegisterViewController.swift in Sources */ = {isa = PBXBuildFile; fileRef = A33A279924509FA100810BC5 /* RegisterViewController.swift */; };
		A33A279C24509FAE00810BC5 /* MainViewController.swift in Sources */ = {isa = PBXBuildFile; fileRef = A33A279B24509FAE00810BC5 /* MainViewController.swift */; };
		A33A279E2450A04200810BC5 /* Constant.swift in Sources */ = {isa = PBXBuildFile; fileRef = A33A279D2450A04200810BC5 /* Constant.swift */; };
		A37003DC2450C6E8002B0066 /* GoogleService-Info.plist in Resources */ = {isa = PBXBuildFile; fileRef = A37003DB2450C6E8002B0066 /* GoogleService-Info.plist */; };
		A37003DE2450CB08002B0066 /* userDetail.swift in Sources */ = {isa = PBXBuildFile; fileRef = A37003DD2450CB08002B0066 /* userDetail.swift */; };
		A372238D245F22A600B31B7A /* Order.swift in Sources */ = {isa = PBXBuildFile; fileRef = A372238C245F22A600B31B7A /* Order.swift */; };
		A37288702452220D00189286 /* NotificationViewController.swift in Sources */ = {isa = PBXBuildFile; fileRef = A372886F2452220D00189286 /* NotificationViewController.swift */; };
		A37D03B2245E0B8000FA2283 /* ProductTableViewCell.swift in Sources */ = {isa = PBXBuildFile; fileRef = A37D03B1245E0B8000FA2283 /* ProductTableViewCell.swift */; };
		A3A6BF3C245D6FA000B8934B /* SummaryAddressViewCell.swift in Sources */ = {isa = PBXBuildFile; fileRef = A3A6BF3B245D6FA000B8934B /* SummaryAddressViewCell.swift */; };
		A3A6BF40245D729D00B8934B /* SummaryViewController.swift in Sources */ = {isa = PBXBuildFile; fileRef = A3A6BF3F245D729D00B8934B /* SummaryViewController.swift */; };
		A3A6BF44245D75AA00B8934B /* presentAlert.swift in Sources */ = {isa = PBXBuildFile; fileRef = A3A6BF43245D75AA00B8934B /* presentAlert.swift */; };
		A3B434752451ECBC008E71EC /* HomePage.storyboard in Resources */ = {isa = PBXBuildFile; fileRef = A3B434742451ECBC008E71EC /* HomePage.storyboard */; };
		A3B434772451ECCE008E71EC /* Notification.storyboard in Resources */ = {isa = PBXBuildFile; fileRef = A3B434762451ECCE008E71EC /* Notification.storyboard */; };
		A3B434792451ECDB008E71EC /* Me.storyboard in Resources */ = {isa = PBXBuildFile; fileRef = A3B434782451ECDB008E71EC /* Me.storyboard */; };
		A3B4E990245EC68200683578 /* CreditCardTableViewCell.swift in Sources */ = {isa = PBXBuildFile; fileRef = A3B4E98F245EC68200683578 /* CreditCardTableViewCell.swift */; };
		A3B4E992245EE12000683578 /* SelectCreditCardTableViewCell.swift in Sources */ = {isa = PBXBuildFile; fileRef = A3B4E991245EE12000683578 /* SelectCreditCardTableViewCell.swift */; };
		A3B4E994245EE13500683578 /* SelectCreditCardViewController.swift in Sources */ = {isa = PBXBuildFile; fileRef = A3B4E993245EE13500683578 /* SelectCreditCardViewController.swift */; };
		A3C1C2E82460415100614FFE /* AllProductSoldInOneDayReportViewController.swift in Sources */ = {isa = PBXBuildFile; fileRef = A3C1C2E72460415100614FFE /* AllProductSoldInOneDayReportViewController.swift */; };
		A3C1C2EA2460421700614FFE /* date.swift in Sources */ = {isa = PBXBuildFile; fileRef = A3C1C2E92460421700614FFE /* date.swift */; };
		A3C1C2F4246082D100614FFE /* ShowAllProductSellInOneDayTableViewCell.swift in Sources */ = {isa = PBXBuildFile; fileRef = A3C1C2F3246082D100614FFE /* ShowAllProductSellInOneDayTableViewCell.swift */; };
		A3C1C2F62460832100614FFE /* ShowAllProductViewController.swift in Sources */ = {isa = PBXBuildFile; fileRef = A3C1C2F52460832100614FFE /* ShowAllProductViewController.swift */; };
		A3C1C2F824608F9500614FFE /* ShowAllProductSellInOneDay.swift in Sources */ = {isa = PBXBuildFile; fileRef = A3C1C2F724608F9500614FFE /* ShowAllProductSellInOneDay.swift */; };
		A3CB3BB524597F5200C9C0EC /* AddProductController.swift in Sources */ = {isa = PBXBuildFile; fileRef = A3CB3BB424597F5200C9C0EC /* AddProductController.swift */; };
		A3FC91B424521C5100475F40 /* MeViewController.swift in Sources */ = {isa = PBXBuildFile; fileRef = A3FC91B324521C5100475F40 /* MeViewController.swift */; };
		A3FEBC0024523BB200E3827B /* splitWay.storyboard in Resources */ = {isa = PBXBuildFile; fileRef = A3FEBBFF24523BB200E3827B /* splitWay.storyboard */; };
/* End PBXBuildFile section */

/* Begin PBXCopyFilesBuildPhase section */
		8436DBCB245174EE00956EDA /* Embed Frameworks */ = {
			isa = PBXCopyFilesBuildPhase;
			buildActionMask = 2147483647;
			dstPath = "";
			dstSubfolderSpec = 10;
			files = (
				8436DBCA245174EE00956EDA /* Pods_GWShopReal.framework in Embed Frameworks */,
			);
			name = "Embed Frameworks";
			runOnlyForDeploymentPostprocessing = 0;
		};
/* End PBXCopyFilesBuildPhase section */

/* Begin PBXFileReference section */
		22955FD222D677EA13792783 /* Pods_GWShopReal.framework */ = {isa = PBXFileReference; explicitFileType = wrapper.framework; includeInIndex = 0; path = Pods_GWShopReal.framework; sourceTree = BUILT_PRODUCTS_DIR; };
		6649F8358CCAC210AAB18B18 /* Pods-GWShopReal.release.xcconfig */ = {isa = PBXFileReference; includeInIndex = 1; lastKnownFileType = text.xcconfig; name = "Pods-GWShopReal.release.xcconfig"; path = "Target Support Files/Pods-GWShopReal/Pods-GWShopReal.release.xcconfig"; sourceTree = "<group>"; };
		8433D16824570A77003C59E5 /* Address.swift */ = {isa = PBXFileReference; lastKnownFileType = sourcecode.swift; path = Address.swift; sourceTree = "<group>"; };
		843723EB245D5E9C00C35A3A /* Cart.swift */ = {isa = PBXFileReference; lastKnownFileType = sourcecode.swift; path = Cart.swift; sourceTree = "<group>"; };
		843B267D245B527F00248175 /* Promotion.swift */ = {isa = PBXFileReference; lastKnownFileType = sourcecode.swift; path = Promotion.swift; sourceTree = "<group>"; };
		843D3849245C9494000A96D2 /* AddPromotionInProductController.swift */ = {isa = PBXFileReference; fileEncoding = 4; lastKnownFileType = sourcecode.swift; path = AddPromotionInProductController.swift; sourceTree = SOURCE_ROOT; };
		843D384B245CB4AA000A96D2 /* CartViewController.swift */ = {isa = PBXFileReference; lastKnownFileType = sourcecode.swift; path = CartViewController.swift; sourceTree = "<group>"; };
		844811D9245AA09900466CDF /* Product.swift */ = {isa = PBXFileReference; lastKnownFileType = sourcecode.swift; path = Product.swift; sourceTree = "<group>"; };
		844AB1A5246088C700738CC2 /* SendProductViewController.swift */ = {isa = PBXFileReference; lastKnownFileType = sourcecode.swift; path = SendProductViewController.swift; sourceTree = "<group>"; };
		844AB1A724608DBE00738CC2 /* OrderedProduct.swift */ = {isa = PBXFileReference; lastKnownFileType = sourcecode.swift; path = OrderedProduct.swift; sourceTree = "<group>"; };
		8451856E245C677A00152229 /* AddPromotionInProductController.swift */ = {isa = PBXFileReference; lastKnownFileType = sourcecode.swift; path = AddPromotionInProductController.swift; sourceTree = "<group>"; };
		8490DB2A24585E1600A2BD88 /* Card.swift */ = {isa = PBXFileReference; lastKnownFileType = sourcecode.swift; path = Card.swift; sourceTree = "<group>"; };
		8490DB2C24588BC500A2BD88 /* Store.swift */ = {isa = PBXFileReference; lastKnownFileType = sourcecode.swift; path = Store.swift; sourceTree = "<group>"; };
		8490DB2E24588D7000A2BD88 /* BankAccount.swift */ = {isa = PBXFileReference; lastKnownFileType = sourcecode.swift; path = BankAccount.swift; sourceTree = "<group>"; };
		A3057A7D245B271700AE9991 /* addProductInAddPromotionCell.swift */ = {isa = PBXFileReference; lastKnownFileType = sourcecode.swift; path = addProductInAddPromotionCell.swift; sourceTree = "<group>"; };
		A3057A7F245B278100AE9991 /* AddProductInPromotionController.swift */ = {isa = PBXFileReference; lastKnownFileType = sourcecode.swift; path = AddProductInPromotionController.swift; sourceTree = "<group>"; };
		A3057A8F245B48CF00AE9991 /* searchCell.swift */ = {isa = PBXFileReference; lastKnownFileType = sourcecode.swift; path = searchCell.swift; sourceTree = "<group>"; };
		A30CD8932453169F0061FE27 /* SukhumvitSet-Thin.ttf */ = {isa = PBXFileReference; lastKnownFileType = file; path = "SukhumvitSet-Thin.ttf"; sourceTree = "<group>"; };
		A30CD8942453169F0061FE27 /* SukhumvitSet-Light.ttf */ = {isa = PBXFileReference; lastKnownFileType = file; path = "SukhumvitSet-Light.ttf"; sourceTree = "<group>"; };
		A30CD8952453169F0061FE27 /* SukhumvitSet-Bold.ttf */ = {isa = PBXFileReference; lastKnownFileType = file; path = "SukhumvitSet-Bold.ttf"; sourceTree = "<group>"; };
		A30CD8962453169F0061FE27 /* SukhumvitSet-Medium.ttf */ = {isa = PBXFileReference; lastKnownFileType = file; path = "SukhumvitSet-Medium.ttf"; sourceTree = "<group>"; };
		A30CD897245316A00061FE27 /* SukhumvitSet-Text.ttf */ = {isa = PBXFileReference; lastKnownFileType = file; path = "SukhumvitSet-Text.ttf"; sourceTree = "<group>"; };
		A30CD898245316A00061FE27 /* SukhumvitSet-SemiBold.ttf */ = {isa = PBXFileReference; lastKnownFileType = file; path = "SukhumvitSet-SemiBold.ttf"; sourceTree = "<group>"; };
		A3119578245AE29C006F6784 /* PromotionController.swift */ = {isa = PBXFileReference; lastKnownFileType = sourcecode.swift; path = PromotionController.swift; sourceTree = "<group>"; };
		A331CBA0245C579400AADDC1 /* CategoryViewController.swift */ = {isa = PBXFileReference; lastKnownFileType = sourcecode.swift; path = CategoryViewController.swift; sourceTree = "<group>"; };
		A331CBA2245C6ED300AADDC1 /* categoryCell.swift */ = {isa = PBXFileReference; lastKnownFileType = sourcecode.swift; path = categoryCell.swift; sourceTree = "<group>"; };
		A3325D7A245DE40000F04998 /* SelectedAddressCell.swift */ = {isa = PBXFileReference; lastKnownFileType = sourcecode.swift; path = SelectedAddressCell.swift; sourceTree = "<group>"; };
		A3325D7C245DE41300F04998 /* SelectedAddressViewController.swift */ = {isa = PBXFileReference; lastKnownFileType = sourcecode.swift; path = SelectedAddressViewController.swift; sourceTree = "<group>"; };
		A33A277B2450995000810BC5 /* GWShopReal.app */ = {isa = PBXFileReference; explicitFileType = wrapper.application; includeInIndex = 0; path = GWShopReal.app; sourceTree = BUILT_PRODUCTS_DIR; };
		A33A277E2450995000810BC5 /* AppDelegate.swift */ = {isa = PBXFileReference; lastKnownFileType = sourcecode.swift; path = AppDelegate.swift; sourceTree = "<group>"; };
		A33A27802450995000810BC5 /* SceneDelegate.swift */ = {isa = PBXFileReference; lastKnownFileType = sourcecode.swift; path = SceneDelegate.swift; sourceTree = "<group>"; };
		A33A27822450995000810BC5 /* ViewController.swift */ = {isa = PBXFileReference; lastKnownFileType = sourcecode.swift; path = ViewController.swift; sourceTree = "<group>"; };
		A33A27852450995000810BC5 /* Base */ = {isa = PBXFileReference; lastKnownFileType = file.storyboard; name = Base; path = Base.lproj/Main.storyboard; sourceTree = "<group>"; };
		A33A27872450995200810BC5 /* Assets.xcassets */ = {isa = PBXFileReference; lastKnownFileType = folder.assetcatalog; path = Assets.xcassets; sourceTree = "<group>"; };
		A33A278A2450995200810BC5 /* Base */ = {isa = PBXFileReference; lastKnownFileType = file.storyboard; name = Base; path = Base.lproj/LaunchScreen.storyboard; sourceTree = "<group>"; };
		A33A278C2450995200810BC5 /* Info.plist */ = {isa = PBXFileReference; lastKnownFileType = text.plist.xml; path = Info.plist; sourceTree = "<group>"; };
		A33A279724509F9200810BC5 /* LoginController.swift */ = {isa = PBXFileReference; lastKnownFileType = sourcecode.swift; path = LoginController.swift; sourceTree = "<group>"; };
		A33A279924509FA100810BC5 /* RegisterViewController.swift */ = {isa = PBXFileReference; lastKnownFileType = sourcecode.swift; path = RegisterViewController.swift; sourceTree = "<group>"; };
		A33A279B24509FAE00810BC5 /* MainViewController.swift */ = {isa = PBXFileReference; lastKnownFileType = sourcecode.swift; path = MainViewController.swift; sourceTree = "<group>"; };
		A33A279D2450A04200810BC5 /* Constant.swift */ = {isa = PBXFileReference; lastKnownFileType = sourcecode.swift; path = Constant.swift; sourceTree = "<group>"; };
		A37003DB2450C6E8002B0066 /* GoogleService-Info.plist */ = {isa = PBXFileReference; fileEncoding = 4; lastKnownFileType = text.plist.xml; path = "GoogleService-Info.plist"; sourceTree = "<group>"; };
		A37003DD2450CB08002B0066 /* userDetail.swift */ = {isa = PBXFileReference; lastKnownFileType = sourcecode.swift; path = userDetail.swift; sourceTree = "<group>"; };
		A3701914245C94F800D15549 /* AddPromotionInProductController.swift */ = {isa = PBXFileReference; fileEncoding = 4; lastKnownFileType = sourcecode.swift; path = AddPromotionInProductController.swift; sourceTree = SOURCE_ROOT; };
		A372238C245F22A600B31B7A /* Order.swift */ = {isa = PBXFileReference; lastKnownFileType = sourcecode.swift; path = Order.swift; sourceTree = "<group>"; };
		A372886F2452220D00189286 /* NotificationViewController.swift */ = {isa = PBXFileReference; lastKnownFileType = sourcecode.swift; path = NotificationViewController.swift; sourceTree = "<group>"; };
		A37D03B1245E0B8000FA2283 /* ProductTableViewCell.swift */ = {isa = PBXFileReference; lastKnownFileType = sourcecode.swift; path = ProductTableViewCell.swift; sourceTree = "<group>"; };
		A3A6BF3B245D6FA000B8934B /* SummaryAddressViewCell.swift */ = {isa = PBXFileReference; lastKnownFileType = sourcecode.swift; path = SummaryAddressViewCell.swift; sourceTree = "<group>"; };
		A3A6BF3F245D729D00B8934B /* SummaryViewController.swift */ = {isa = PBXFileReference; lastKnownFileType = sourcecode.swift; path = SummaryViewController.swift; sourceTree = "<group>"; };
		A3A6BF43245D75AA00B8934B /* presentAlert.swift */ = {isa = PBXFileReference; lastKnownFileType = sourcecode.swift; path = presentAlert.swift; sourceTree = "<group>"; };
		A3B434742451ECBC008E71EC /* HomePage.storyboard */ = {isa = PBXFileReference; fileEncoding = 4; lastKnownFileType = file.storyboard; path = HomePage.storyboard; sourceTree = "<group>"; };
		A3B434762451ECCE008E71EC /* Notification.storyboard */ = {isa = PBXFileReference; lastKnownFileType = file.storyboard; path = Notification.storyboard; sourceTree = "<group>"; };
		A3B434782451ECDB008E71EC /* Me.storyboard */ = {isa = PBXFileReference; lastKnownFileType = file.storyboard; path = Me.storyboard; sourceTree = "<group>"; };
		A3B4E98F245EC68200683578 /* CreditCardTableViewCell.swift */ = {isa = PBXFileReference; lastKnownFileType = sourcecode.swift; path = CreditCardTableViewCell.swift; sourceTree = "<group>"; };
		A3B4E991245EE12000683578 /* SelectCreditCardTableViewCell.swift */ = {isa = PBXFileReference; lastKnownFileType = sourcecode.swift; path = SelectCreditCardTableViewCell.swift; sourceTree = "<group>"; };
		A3B4E993245EE13500683578 /* SelectCreditCardViewController.swift */ = {isa = PBXFileReference; lastKnownFileType = sourcecode.swift; path = SelectCreditCardViewController.swift; sourceTree = "<group>"; };
		A3C1C2E72460415100614FFE /* AllProductSoldInOneDayReportViewController.swift */ = {isa = PBXFileReference; lastKnownFileType = sourcecode.swift; path = AllProductSoldInOneDayReportViewController.swift; sourceTree = "<group>"; };
		A3C1C2E92460421700614FFE /* date.swift */ = {isa = PBXFileReference; lastKnownFileType = sourcecode.swift; path = date.swift; sourceTree = "<group>"; };
		A3C1C2F3246082D100614FFE /* ShowAllProductSellInOneDayTableViewCell.swift */ = {isa = PBXFileReference; lastKnownFileType = sourcecode.swift; path = ShowAllProductSellInOneDayTableViewCell.swift; sourceTree = "<group>"; };
		A3C1C2F52460832100614FFE /* ShowAllProductViewController.swift */ = {isa = PBXFileReference; lastKnownFileType = sourcecode.swift; path = ShowAllProductViewController.swift; sourceTree = "<group>"; };
		A3C1C2F724608F9500614FFE /* ShowAllProductSellInOneDay.swift */ = {isa = PBXFileReference; lastKnownFileType = sourcecode.swift; path = ShowAllProductSellInOneDay.swift; sourceTree = "<group>"; };
		A3CB3BB424597F5200C9C0EC /* AddProductController.swift */ = {isa = PBXFileReference; lastKnownFileType = sourcecode.swift; path = AddProductController.swift; sourceTree = "<group>"; };
		A3FC91B324521C5100475F40 /* MeViewController.swift */ = {isa = PBXFileReference; lastKnownFileType = sourcecode.swift; path = MeViewController.swift; sourceTree = "<group>"; };
		A3FEBBFF24523BB200E3827B /* splitWay.storyboard */ = {isa = PBXFileReference; lastKnownFileType = file.storyboard; path = splitWay.storyboard; sourceTree = "<group>"; };
		D77F4BE2124F5E982C1F279C /* Pods-GWShopReal.debug.xcconfig */ = {isa = PBXFileReference; includeInIndex = 1; lastKnownFileType = text.xcconfig; name = "Pods-GWShopReal.debug.xcconfig"; path = "Target Support Files/Pods-GWShopReal/Pods-GWShopReal.debug.xcconfig"; sourceTree = "<group>"; };
/* End PBXFileReference section */

/* Begin PBXFrameworksBuildPhase section */
		A33A27782450995000810BC5 /* Frameworks */ = {
			isa = PBXFrameworksBuildPhase;
			buildActionMask = 2147483647;
			files = (
				8436DBC9245174EE00956EDA /* Pods_GWShopReal.framework in Frameworks */,
			);
			runOnlyForDeploymentPostprocessing = 0;
		};
/* End PBXFrameworksBuildPhase section */

/* Begin PBXGroup section */
		A331CB9D245C56E600AADDC1 /* MainView */ = {
			isa = PBXGroup;
			children = (
				A33A279B24509FAE00810BC5 /* MainViewController.swift */,
				A3325D7C245DE41300F04998 /* SelectedAddressViewController.swift */,
				A3325D7A245DE40000F04998 /* SelectedAddressCell.swift */,
				A3A6BF3F245D729D00B8934B /* SummaryViewController.swift */,
				A3A6BF3B245D6FA000B8934B /* SummaryAddressViewCell.swift */,
				A3B4E98F245EC68200683578 /* CreditCardTableViewCell.swift */,
				A37D03B1245E0B8000FA2283 /* ProductTableViewCell.swift */,
				A3B4E991245EE12000683578 /* SelectCreditCardTableViewCell.swift */,
				A3B4E993245EE13500683578 /* SelectCreditCardViewController.swift */,
				A3057A8F245B48CF00AE9991 /* searchCell.swift */,
				A3A6BF43245D75AA00B8934B /* presentAlert.swift */,
				A331CBA2245C6ED300AADDC1 /* categoryCell.swift */,
				A331CBA0245C579400AADDC1 /* CategoryViewController.swift */,
				843D384B245CB4AA000A96D2 /* CartViewController.swift */,
			);
			path = MainView;
			sourceTree = "<group>";
		};
		A331CB9E245C56FE00AADDC1 /* MeView */ = {
			isa = PBXGroup;
			children = (
				A3C1C2E72460415100614FFE /* AllProductSoldInOneDayReportViewController.swift */,
				A3C1C2F52460832100614FFE /* ShowAllProductViewController.swift */,
				A3C1C2F3246082D100614FFE /* ShowAllProductSellInOneDayTableViewCell.swift */,
				A3FC91B324521C5100475F40 /* MeViewController.swift */,
				A3CB3BB424597F5200C9C0EC /* AddProductController.swift */,
				A3701914245C94F800D15549 /* AddPromotionInProductController.swift */,
				A3057A7D245B271700AE9991 /* addProductInAddPromotionCell.swift */,
				A3057A7F245B278100AE9991 /* AddProductInPromotionController.swift */,
				A3119578245AE29C006F6784 /* PromotionController.swift */,
				843D3849245C9494000A96D2 /* AddPromotionInProductController.swift */,
				844AB1A5246088C700738CC2 /* SendProductViewController.swift */,
			);
			path = MeView;
			sourceTree = "<group>";
		};
		A331CB9F245C571300AADDC1 /* NotificationView */ = {
			isa = PBXGroup;
			children = (
				A372886F2452220D00189286 /* NotificationViewController.swift */,
			);
			path = NotificationView;
			sourceTree = "<group>";
		};
		A33A27722450995000810BC5 = {
			isa = PBXGroup;
			children = (
				A33A277D2450995000810BC5 /* GWShopReal */,
				A33A277C2450995000810BC5 /* Products */,
				E7900B4344D55E2898693214 /* Pods */,
				BAFF2F7E8B856772304B114D /* Frameworks */,
				A370190D245C88CC00D15549 /* Recovered References */,
			);
			sourceTree = "<group>";
		};
		A33A277C2450995000810BC5 /* Products */ = {
			isa = PBXGroup;
			children = (
				A33A277B2450995000810BC5 /* GWShopReal.app */,
			);
			name = Products;
			sourceTree = "<group>";
		};
		A33A277D2450995000810BC5 /* GWShopReal */ = {
			isa = PBXGroup;
			children = (
				A33A277E2450995000810BC5 /* AppDelegate.swift */,
				A33A27802450995000810BC5 /* SceneDelegate.swift */,
				A33A279F2450A04600810BC5 /* Model */,
				A33A279524509D9600810BC5 /* View */,
				A33A279624509DB300810BC5 /* Controller */,
				A33A27872450995200810BC5 /* Assets.xcassets */,
				A33A279D2450A04200810BC5 /* Constant.swift */,
				A30CD8952453169F0061FE27 /* SukhumvitSet-Bold.ttf */,
				A30CD8942453169F0061FE27 /* SukhumvitSet-Light.ttf */,
				A30CD8962453169F0061FE27 /* SukhumvitSet-Medium.ttf */,
				A30CD898245316A00061FE27 /* SukhumvitSet-SemiBold.ttf */,
				A30CD897245316A00061FE27 /* SukhumvitSet-Text.ttf */,
				A30CD8932453169F0061FE27 /* SukhumvitSet-Thin.ttf */,
				A33A27892450995200810BC5 /* LaunchScreen.storyboard */,
				A37003DB2450C6E8002B0066 /* GoogleService-Info.plist */,
				A33A278C2450995200810BC5 /* Info.plist */,
			);
			path = GWShopReal;
			sourceTree = "<group>";
		};
		A33A279524509D9600810BC5 /* View */ = {
			isa = PBXGroup;
			children = (
				A33A27842450995000810BC5 /* Main.storyboard */,
				A3FEBBFF24523BB200E3827B /* splitWay.storyboard */,
				A3B434742451ECBC008E71EC /* HomePage.storyboard */,
				A3B434762451ECCE008E71EC /* Notification.storyboard */,
				A3B434782451ECDB008E71EC /* Me.storyboard */,
			);
			path = View;
			sourceTree = "<group>";
		};
		A33A279624509DB300810BC5 /* Controller */ = {
			isa = PBXGroup;
			children = (
				A33A27822450995000810BC5 /* ViewController.swift */,
				A33A279724509F9200810BC5 /* LoginController.swift */,
				A33A279924509FA100810BC5 /* RegisterViewController.swift */,
				A331CB9D245C56E600AADDC1 /* MainView */,
				A331CB9F245C571300AADDC1 /* NotificationView */,
				A331CB9E245C56FE00AADDC1 /* MeView */,
			);
			path = Controller;
			sourceTree = "<group>";
		};
		A33A279F2450A04600810BC5 /* Model */ = {
			isa = PBXGroup;
			children = (
				A37003DD2450CB08002B0066 /* userDetail.swift */,
				8433D16824570A77003C59E5 /* Address.swift */,
				8490DB2A24585E1600A2BD88 /* Card.swift */,
				8490DB2C24588BC500A2BD88 /* Store.swift */,
				8490DB2E24588D7000A2BD88 /* BankAccount.swift */,
				844811D9245AA09900466CDF /* Product.swift */,
				843723EB245D5E9C00C35A3A /* Cart.swift */,
				A372238C245F22A600B31B7A /* Order.swift */,
				843B267D245B527F00248175 /* Promotion.swift */,
				A3C1C2F724608F9500614FFE /* ShowAllProductSellInOneDay.swift */,
				A3C1C2E92460421700614FFE /* date.swift */,
				844AB1A724608DBE00738CC2 /* OrderedProduct.swift */,
			);
			path = Model;
			sourceTree = "<group>";
		};
		A370190D245C88CC00D15549 /* Recovered References */ = {
			isa = PBXGroup;
			children = (
				8451856E245C677A00152229 /* AddPromotionInProductController.swift */,
			);
			name = "Recovered References";
			sourceTree = "<group>";
		};
		BAFF2F7E8B856772304B114D /* Frameworks */ = {
			isa = PBXGroup;
			children = (
				22955FD222D677EA13792783 /* Pods_GWShopReal.framework */,
			);
			name = Frameworks;
			sourceTree = "<group>";
		};
		E7900B4344D55E2898693214 /* Pods */ = {
			isa = PBXGroup;
			children = (
				D77F4BE2124F5E982C1F279C /* Pods-GWShopReal.debug.xcconfig */,
				6649F8358CCAC210AAB18B18 /* Pods-GWShopReal.release.xcconfig */,
			);
			path = Pods;
			sourceTree = "<group>";
		};
/* End PBXGroup section */

/* Begin PBXNativeTarget section */
		A33A277A2450995000810BC5 /* GWShopReal */ = {
			isa = PBXNativeTarget;
			buildConfigurationList = A33A278F2450995200810BC5 /* Build configuration list for PBXNativeTarget "GWShopReal" */;
			buildPhases = (
				1508DEFF073919D6BE8415DC /* [CP] Check Pods Manifest.lock */,
				A33A27772450995000810BC5 /* Sources */,
				A33A27782450995000810BC5 /* Frameworks */,
				A33A27792450995000810BC5 /* Resources */,
				8436DBCB245174EE00956EDA /* Embed Frameworks */,
				169EFD2FC3C5E727993FAE68 /* [CP] Embed Pods Frameworks */,
			);
			buildRules = (
			);
			dependencies = (
			);
			name = GWShopReal;
			productName = GWShopReal;
			productReference = A33A277B2450995000810BC5 /* GWShopReal.app */;
			productType = "com.apple.product-type.application";
		};
/* End PBXNativeTarget section */

/* Begin PBXProject section */
		A33A27732450995000810BC5 /* Project object */ = {
			isa = PBXProject;
			attributes = {
				LastSwiftUpdateCheck = 1140;
				LastUpgradeCheck = 1140;
				ORGANIZATIONNAME = PMJs;
				TargetAttributes = {
					A33A277A2450995000810BC5 = {
						CreatedOnToolsVersion = 11.4.1;
					};
				};
			};
			buildConfigurationList = A33A27762450995000810BC5 /* Build configuration list for PBXProject "GWShopReal" */;
			compatibilityVersion = "Xcode 9.3";
			developmentRegion = en;
			hasScannedForEncodings = 0;
			knownRegions = (
				en,
				Base,
			);
			mainGroup = A33A27722450995000810BC5;
			productRefGroup = A33A277C2450995000810BC5 /* Products */;
			projectDirPath = "";
			projectRoot = "";
			targets = (
				A33A277A2450995000810BC5 /* GWShopReal */,
			);
		};
/* End PBXProject section */

/* Begin PBXResourcesBuildPhase section */
		A33A27792450995000810BC5 /* Resources */ = {
			isa = PBXResourcesBuildPhase;
			buildActionMask = 2147483647;
			files = (
				A3B434752451ECBC008E71EC /* HomePage.storyboard in Resources */,
				A33A278B2450995200810BC5 /* LaunchScreen.storyboard in Resources */,
				A30CD89B245316A00061FE27 /* SukhumvitSet-Bold.ttf in Resources */,
				A37003DC2450C6E8002B0066 /* GoogleService-Info.plist in Resources */,
				A33A27882450995200810BC5 /* Assets.xcassets in Resources */,
				A30CD89C245316A00061FE27 /* SukhumvitSet-Medium.ttf in Resources */,
				A30CD899245316A00061FE27 /* SukhumvitSet-Thin.ttf in Resources */,
				A33A27862450995000810BC5 /* Main.storyboard in Resources */,
				A3B434792451ECDB008E71EC /* Me.storyboard in Resources */,
				A30CD89D245316A00061FE27 /* SukhumvitSet-Text.ttf in Resources */,
				A3B434772451ECCE008E71EC /* Notification.storyboard in Resources */,
				A3FEBC0024523BB200E3827B /* splitWay.storyboard in Resources */,
				A30CD89A245316A00061FE27 /* SukhumvitSet-Light.ttf in Resources */,
				A30CD89E245316A00061FE27 /* SukhumvitSet-SemiBold.ttf in Resources */,
			);
			runOnlyForDeploymentPostprocessing = 0;
		};
/* End PBXResourcesBuildPhase section */

/* Begin PBXShellScriptBuildPhase section */
		1508DEFF073919D6BE8415DC /* [CP] Check Pods Manifest.lock */ = {
			isa = PBXShellScriptBuildPhase;
			buildActionMask = 2147483647;
			files = (
			);
			inputFileListPaths = (
			);
			inputPaths = (
				"${PODS_PODFILE_DIR_PATH}/Podfile.lock",
				"${PODS_ROOT}/Manifest.lock",
			);
			name = "[CP] Check Pods Manifest.lock";
			outputFileListPaths = (
			);
			outputPaths = (
				"$(DERIVED_FILE_DIR)/Pods-GWShopReal-checkManifestLockResult.txt",
			);
			runOnlyForDeploymentPostprocessing = 0;
			shellPath = /bin/sh;
			shellScript = "diff \"${PODS_PODFILE_DIR_PATH}/Podfile.lock\" \"${PODS_ROOT}/Manifest.lock\" > /dev/null\nif [ $? != 0 ] ; then\n    # print error to STDERR\n    echo \"error: The sandbox is not in sync with the Podfile.lock. Run 'pod install' or update your CocoaPods installation.\" >&2\n    exit 1\nfi\n# This output is used by Xcode 'outputs' to avoid re-running this script phase.\necho \"SUCCESS\" > \"${SCRIPT_OUTPUT_FILE_0}\"\n";
			showEnvVarsInLog = 0;
		};
		169EFD2FC3C5E727993FAE68 /* [CP] Embed Pods Frameworks */ = {
			isa = PBXShellScriptBuildPhase;
			buildActionMask = 2147483647;
			files = (
			);
			inputFileListPaths = (
				"${PODS_ROOT}/Target Support Files/Pods-GWShopReal/Pods-GWShopReal-frameworks-${CONFIGURATION}-input-files.xcfilelist",
			);
			name = "[CP] Embed Pods Frameworks";
			outputFileListPaths = (
				"${PODS_ROOT}/Target Support Files/Pods-GWShopReal/Pods-GWShopReal-frameworks-${CONFIGURATION}-output-files.xcfilelist",
			);
			runOnlyForDeploymentPostprocessing = 0;
			shellPath = /bin/sh;
			shellScript = "\"${PODS_ROOT}/Target Support Files/Pods-GWShopReal/Pods-GWShopReal-frameworks.sh\"\n";
			showEnvVarsInLog = 0;
		};
/* End PBXShellScriptBuildPhase section */

/* Begin PBXSourcesBuildPhase section */
		A33A27772450995000810BC5 /* Sources */ = {
			isa = PBXSourcesBuildPhase;
			buildActionMask = 2147483647;
			files = (
				A37288702452220D00189286 /* NotificationViewController.swift in Sources */,
				A3119579245AE29C006F6784 /* PromotionController.swift in Sources */,
				A3FC91B424521C5100475F40 /* MeViewController.swift in Sources */,
				A33A279E2450A04200810BC5 /* Constant.swift in Sources */,
				A33A27832450995000810BC5 /* ViewController.swift in Sources */,
				A3C1C2F4246082D100614FFE /* ShowAllProductSellInOneDayTableViewCell.swift in Sources */,
				A33A279A24509FA100810BC5 /* RegisterViewController.swift in Sources */,
				844AB1A824608DBE00738CC2 /* OrderedProduct.swift in Sources */,
				843D384C245CB4AA000A96D2 /* CartViewController.swift in Sources */,
				8490DB2F24588D7000A2BD88 /* BankAccount.swift in Sources */,
				8451856F245C677A00152229 /* AddPromotionInProductController.swift in Sources */,
				A3B4E992245EE12000683578 /* SelectCreditCardTableViewCell.swift in Sources */,
				8433D16924570A77003C59E5 /* Address.swift in Sources */,
				843723EC245D5E9C00C35A3A /* Cart.swift in Sources */,
				A33A279824509F9200810BC5 /* LoginController.swift in Sources */,
				8490DB2D24588BC500A2BD88 /* Store.swift in Sources */,
				844811DA245AA09900466CDF /* Product.swift in Sources */,
				A3325D7D245DE41300F04998 /* SelectedAddressViewController.swift in Sources */,
				A331CBA3245C6ED300AADDC1 /* categoryCell.swift in Sources */,
				A3A6BF3C245D6FA000B8934B /* SummaryAddressViewCell.swift in Sources */,
				8490DB2B24585E1600A2BD88 /* Card.swift in Sources */,
				A3C1C2F824608F9500614FFE /* ShowAllProductSellInOneDay.swift in Sources */,
				A3057A7E245B271700AE9991 /* addProductInAddPromotionCell.swift in Sources */,
				A33A279C24509FAE00810BC5 /* MainViewController.swift in Sources */,
				843D384A245C9494000A96D2 /* AddPromotionInProductController.swift in Sources */,
				A37003DE2450CB08002B0066 /* userDetail.swift in Sources */,
				A3B4E990245EC68200683578 /* CreditCardTableViewCell.swift in Sources */,
				A3057A80245B278100AE9991 /* AddProductInPromotionController.swift in Sources */,
				A331CBA1245C579400AADDC1 /* CategoryViewController.swift in Sources */,
				A33A277F2450995000810BC5 /* AppDelegate.swift in Sources */,
				A3B4E994245EE13500683578 /* SelectCreditCardViewController.swift in Sources */,
				843B267E245B527F00248175 /* Promotion.swift in Sources */,
				A3C1C2E82460415100614FFE /* AllProductSoldInOneDayReportViewController.swift in Sources */,
				A33A27812450995000810BC5 /* SceneDelegate.swift in Sources */,
				A3057A90245B48CF00AE9991 /* searchCell.swift in Sources */,
				A372238D245F22A600B31B7A /* Order.swift in Sources */,
				A3CB3BB524597F5200C9C0EC /* AddProductController.swift in Sources */,
				A3C1C2F62460832100614FFE /* ShowAllProductViewController.swift in Sources */,
				A37D03B2245E0B8000FA2283 /* ProductTableViewCell.swift in Sources */,
				A3A6BF44245D75AA00B8934B /* presentAlert.swift in Sources */,
				844AB1A6246088C700738CC2 /* SendProductViewController.swift in Sources */,
				A3A6BF40245D729D00B8934B /* SummaryViewController.swift in Sources */,
				A3C1C2EA2460421700614FFE /* date.swift in Sources */,
				A3325D7B245DE40000F04998 /* SelectedAddressCell.swift in Sources */,
			);
			runOnlyForDeploymentPostprocessing = 0;
		};
/* End PBXSourcesBuildPhase section */

/* Begin PBXVariantGroup section */
		A33A27842450995000810BC5 /* Main.storyboard */ = {
			isa = PBXVariantGroup;
			children = (
				A33A27852450995000810BC5 /* Base */,
			);
			name = Main.storyboard;
			sourceTree = "<group>";
		};
		A33A27892450995200810BC5 /* LaunchScreen.storyboard */ = {
			isa = PBXVariantGroup;
			children = (
				A33A278A2450995200810BC5 /* Base */,
			);
			name = LaunchScreen.storyboard;
			sourceTree = "<group>";
		};
/* End PBXVariantGroup section */

/* Begin XCBuildConfiguration section */
		A33A278D2450995200810BC5 /* Debug */ = {
			isa = XCBuildConfiguration;
			buildSettings = {
				ALWAYS_SEARCH_USER_PATHS = NO;
				CLANG_ANALYZER_NONNULL = YES;
				CLANG_ANALYZER_NUMBER_OBJECT_CONVERSION = YES_AGGRESSIVE;
				CLANG_CXX_LANGUAGE_STANDARD = "gnu++14";
				CLANG_CXX_LIBRARY = "libc++";
				CLANG_ENABLE_MODULES = YES;
				CLANG_ENABLE_OBJC_ARC = YES;
				CLANG_ENABLE_OBJC_WEAK = YES;
				CLANG_WARN_BLOCK_CAPTURE_AUTORELEASING = YES;
				CLANG_WARN_BOOL_CONVERSION = YES;
				CLANG_WARN_COMMA = YES;
				CLANG_WARN_CONSTANT_CONVERSION = YES;
				CLANG_WARN_DEPRECATED_OBJC_IMPLEMENTATIONS = YES;
				CLANG_WARN_DIRECT_OBJC_ISA_USAGE = YES_ERROR;
				CLANG_WARN_DOCUMENTATION_COMMENTS = YES;
				CLANG_WARN_EMPTY_BODY = YES;
				CLANG_WARN_ENUM_CONVERSION = YES;
				CLANG_WARN_INFINITE_RECURSION = YES;
				CLANG_WARN_INT_CONVERSION = YES;
				CLANG_WARN_NON_LITERAL_NULL_CONVERSION = YES;
				CLANG_WARN_OBJC_IMPLICIT_RETAIN_SELF = YES;
				CLANG_WARN_OBJC_LITERAL_CONVERSION = YES;
				CLANG_WARN_OBJC_ROOT_CLASS = YES_ERROR;
				CLANG_WARN_RANGE_LOOP_ANALYSIS = YES;
				CLANG_WARN_STRICT_PROTOTYPES = YES;
				CLANG_WARN_SUSPICIOUS_MOVE = YES;
				CLANG_WARN_UNGUARDED_AVAILABILITY = YES_AGGRESSIVE;
				CLANG_WARN_UNREACHABLE_CODE = YES;
				CLANG_WARN__DUPLICATE_METHOD_MATCH = YES;
				COPY_PHASE_STRIP = NO;
				DEBUG_INFORMATION_FORMAT = dwarf;
				ENABLE_STRICT_OBJC_MSGSEND = YES;
				ENABLE_TESTABILITY = YES;
				GCC_C_LANGUAGE_STANDARD = gnu11;
				GCC_DYNAMIC_NO_PIC = NO;
				GCC_NO_COMMON_BLOCKS = YES;
				GCC_OPTIMIZATION_LEVEL = 0;
				GCC_PREPROCESSOR_DEFINITIONS = (
					"DEBUG=1",
					"$(inherited)",
				);
				GCC_WARN_64_TO_32_BIT_CONVERSION = YES;
				GCC_WARN_ABOUT_RETURN_TYPE = YES_ERROR;
				GCC_WARN_UNDECLARED_SELECTOR = YES;
				GCC_WARN_UNINITIALIZED_AUTOS = YES_AGGRESSIVE;
				GCC_WARN_UNUSED_FUNCTION = YES;
				GCC_WARN_UNUSED_VARIABLE = YES;
				IPHONEOS_DEPLOYMENT_TARGET = 13.4;
				MTL_ENABLE_DEBUG_INFO = INCLUDE_SOURCE;
				MTL_FAST_MATH = YES;
				ONLY_ACTIVE_ARCH = YES;
				SDKROOT = iphoneos;
				SWIFT_ACTIVE_COMPILATION_CONDITIONS = DEBUG;
				SWIFT_OPTIMIZATION_LEVEL = "-Onone";
			};
			name = Debug;
		};
		A33A278E2450995200810BC5 /* Release */ = {
			isa = XCBuildConfiguration;
			buildSettings = {
				ALWAYS_SEARCH_USER_PATHS = NO;
				CLANG_ANALYZER_NONNULL = YES;
				CLANG_ANALYZER_NUMBER_OBJECT_CONVERSION = YES_AGGRESSIVE;
				CLANG_CXX_LANGUAGE_STANDARD = "gnu++14";
				CLANG_CXX_LIBRARY = "libc++";
				CLANG_ENABLE_MODULES = YES;
				CLANG_ENABLE_OBJC_ARC = YES;
				CLANG_ENABLE_OBJC_WEAK = YES;
				CLANG_WARN_BLOCK_CAPTURE_AUTORELEASING = YES;
				CLANG_WARN_BOOL_CONVERSION = YES;
				CLANG_WARN_COMMA = YES;
				CLANG_WARN_CONSTANT_CONVERSION = YES;
				CLANG_WARN_DEPRECATED_OBJC_IMPLEMENTATIONS = YES;
				CLANG_WARN_DIRECT_OBJC_ISA_USAGE = YES_ERROR;
				CLANG_WARN_DOCUMENTATION_COMMENTS = YES;
				CLANG_WARN_EMPTY_BODY = YES;
				CLANG_WARN_ENUM_CONVERSION = YES;
				CLANG_WARN_INFINITE_RECURSION = YES;
				CLANG_WARN_INT_CONVERSION = YES;
				CLANG_WARN_NON_LITERAL_NULL_CONVERSION = YES;
				CLANG_WARN_OBJC_IMPLICIT_RETAIN_SELF = YES;
				CLANG_WARN_OBJC_LITERAL_CONVERSION = YES;
				CLANG_WARN_OBJC_ROOT_CLASS = YES_ERROR;
				CLANG_WARN_RANGE_LOOP_ANALYSIS = YES;
				CLANG_WARN_STRICT_PROTOTYPES = YES;
				CLANG_WARN_SUSPICIOUS_MOVE = YES;
				CLANG_WARN_UNGUARDED_AVAILABILITY = YES_AGGRESSIVE;
				CLANG_WARN_UNREACHABLE_CODE = YES;
				CLANG_WARN__DUPLICATE_METHOD_MATCH = YES;
				COPY_PHASE_STRIP = NO;
				DEBUG_INFORMATION_FORMAT = "dwarf-with-dsym";
				ENABLE_NS_ASSERTIONS = NO;
				ENABLE_STRICT_OBJC_MSGSEND = YES;
				GCC_C_LANGUAGE_STANDARD = gnu11;
				GCC_NO_COMMON_BLOCKS = YES;
				GCC_WARN_64_TO_32_BIT_CONVERSION = YES;
				GCC_WARN_ABOUT_RETURN_TYPE = YES_ERROR;
				GCC_WARN_UNDECLARED_SELECTOR = YES;
				GCC_WARN_UNINITIALIZED_AUTOS = YES_AGGRESSIVE;
				GCC_WARN_UNUSED_FUNCTION = YES;
				GCC_WARN_UNUSED_VARIABLE = YES;
				IPHONEOS_DEPLOYMENT_TARGET = 13.4;
				MTL_ENABLE_DEBUG_INFO = NO;
				MTL_FAST_MATH = YES;
				SDKROOT = iphoneos;
				SWIFT_COMPILATION_MODE = wholemodule;
				SWIFT_OPTIMIZATION_LEVEL = "-O";
				VALIDATE_PRODUCT = YES;
			};
			name = Release;
		};
		A33A27902450995200810BC5 /* Debug */ = {
			isa = XCBuildConfiguration;
			baseConfigurationReference = D77F4BE2124F5E982C1F279C /* Pods-GWShopReal.debug.xcconfig */;
			buildSettings = {
				ASSETCATALOG_COMPILER_APPICON_NAME = AppIcon;
				CODE_SIGN_STYLE = Automatic;
				DEVELOPMENT_TEAM = W6F37622PU;
				INFOPLIST_FILE = GWShopReal/Info.plist;
				LD_RUNPATH_SEARCH_PATHS = (
					"$(inherited)",
					"@executable_path/Frameworks",
				);
				PRODUCT_BUNDLE_IDENTIFIER = com.PMJs.GWShopReal;
				PRODUCT_NAME = "$(TARGET_NAME)";
				SWIFT_VERSION = 5.0;
				TARGETED_DEVICE_FAMILY = "1,2";
			};
			name = Debug;
		};
		A33A27912450995200810BC5 /* Release */ = {
			isa = XCBuildConfiguration;
			baseConfigurationReference = 6649F8358CCAC210AAB18B18 /* Pods-GWShopReal.release.xcconfig */;
			buildSettings = {
				ASSETCATALOG_COMPILER_APPICON_NAME = AppIcon;
				CODE_SIGN_STYLE = Automatic;
				DEVELOPMENT_TEAM = W6F37622PU;
				INFOPLIST_FILE = GWShopReal/Info.plist;
				LD_RUNPATH_SEARCH_PATHS = (
					"$(inherited)",
					"@executable_path/Frameworks",
				);
				PRODUCT_BUNDLE_IDENTIFIER = com.PMJs.GWShopReal;
				PRODUCT_NAME = "$(TARGET_NAME)";
				SWIFT_VERSION = 5.0;
				TARGETED_DEVICE_FAMILY = "1,2";
			};
			name = Release;
		};
/* End XCBuildConfiguration section */

/* Begin XCConfigurationList section */
		A33A27762450995000810BC5 /* Build configuration list for PBXProject "GWShopReal" */ = {
			isa = XCConfigurationList;
			buildConfigurations = (
				A33A278D2450995200810BC5 /* Debug */,
				A33A278E2450995200810BC5 /* Release */,
			);
			defaultConfigurationIsVisible = 0;
			defaultConfigurationName = Release;
		};
		A33A278F2450995200810BC5 /* Build configuration list for PBXNativeTarget "GWShopReal" */ = {
			isa = XCConfigurationList;
			buildConfigurations = (
				A33A27902450995200810BC5 /* Debug */,
				A33A27912450995200810BC5 /* Release */,
			);
			defaultConfigurationIsVisible = 0;
			defaultConfigurationName = Release;
		};
/* End XCConfigurationList section */
	};
	rootObject = A33A27732450995000810BC5 /* Project object */;
}
